# This file is generated by running "yarn install" inside your project.
# Manual changes might be lost - proceed with caution!

__metadata:
  version: 6
  cacheKey: 8

"@adraffy/ens-normalize@npm:1.9.0":
  version: 1.9.0
  resolution: "@adraffy/ens-normalize@npm:1.9.0"
  checksum: a8d47f85db7a0bba01227fae8781a3245a4517875503d6848a47ca29e7f7da271742a2f93b55afc1b9201e74eda1fd1f1e6e79e70f967359fd7f6ec3d45bf243
  languageName: node
  linkType: hard

"@google-cloud/bigquery@npm:^6.2.0":
  version: 6.2.0
  resolution: "@google-cloud/bigquery@npm:6.2.0"
  dependencies:
    "@google-cloud/common": ^4.0.0
    "@google-cloud/paginator": ^4.0.0
    "@google-cloud/precise-date": ^3.0.1
    "@google-cloud/promisify": ^3.0.0
    arrify: ^2.0.1
    big.js: ^6.0.0
    duplexify: ^4.0.0
    extend: ^3.0.2
    is: ^3.3.0
    p-event: ^4.1.0
    readable-stream: ^4.0.0
    stream-events: ^1.0.5
    uuid: ^9.0.0
  checksum: c298b7fadd3de82ef8895c4830d7f54a5830f9b45a2cd9ee3891d17cf893f95113f8865ff2df10c87c0c79769f18278045fdb3c2f4f38aa43e7169dae069d191
  languageName: node
  linkType: hard

"@google-cloud/common@npm:^4.0.0":
  version: 4.0.3
  resolution: "@google-cloud/common@npm:4.0.3"
  dependencies:
    "@google-cloud/projectify": ^3.0.0
    "@google-cloud/promisify": ^3.0.0
    arrify: ^2.0.1
    duplexify: ^4.1.1
    ent: ^2.2.0
    extend: ^3.0.2
    google-auth-library: ^8.0.2
    retry-request: ^5.0.0
    teeny-request: ^8.0.0
  checksum: 2660da8da2295f2792a7eaa08579d3c76274b58c5d5cd652f7e242f8e593948f753925790340029db383144780b35e7ae09c3088ddbffe3dcfab950e5850de89
  languageName: node
  linkType: hard

"@google-cloud/paginator@npm:^4.0.0":
  version: 4.0.1
  resolution: "@google-cloud/paginator@npm:4.0.1"
  dependencies:
    arrify: ^2.0.0
    extend: ^3.0.2
  checksum: 40ecfb59512ddbb76ca377cb96b61673d8d210397723dcaac41d8a553264bf0c09d3754db25dd3c476f8d85941b5017cc158b4e81c8c6a054aea020c32a1e4ba
  languageName: node
  linkType: hard

"@google-cloud/precise-date@npm:^3.0.1":
  version: 3.0.1
  resolution: "@google-cloud/precise-date@npm:3.0.1"
  checksum: 5f99a8a67909b4b2b66b580821a96f780f55660e096b3eebeae067b6391f8c904866220aa1c2426b67be5e5567818fc565dd44f60173b4f58a713e8fb0d90705
  languageName: node
  linkType: hard

"@google-cloud/projectify@npm:^3.0.0":
  version: 3.0.0
  resolution: "@google-cloud/projectify@npm:3.0.0"
  checksum: 4fa7ad689422b0b9c152fb00260e54e39d81678f9c51518bdb34bc57ee00604524fcdd5837fa97eb2f8ff4811afee3f345b1b0993bc4a2fa1b803bdd6554839a
  languageName: node
  linkType: hard

"@google-cloud/promisify@npm:^3.0.0":
  version: 3.0.1
  resolution: "@google-cloud/promisify@npm:3.0.1"
  checksum: 44b4de760425d6ea328f6208c46219cfcc44383b4015c67a6b18b55b8fee5b754a11f80ed481a7d779bc471950b2b856dce51e36e8004b0d2f73a93e50d756ce
  languageName: node
  linkType: hard

"@morgan-stanley/ts-mocking-bird@npm:^0.6.2":
  version: 0.6.4
  resolution: "@morgan-stanley/ts-mocking-bird@npm:0.6.4"
  dependencies:
    lodash: ^4.17.16
    uuid: ^7.0.3
  peerDependencies:
    jasmine: 2.x || 3.x || 4.x
    jest: 26.x || 27.x || 28.x
    typescript: ">=4.2"
  peerDependenciesMeta:
    jasmine:
      optional: true
    jest:
      optional: true
  checksum: 7d788007c86b6b1455943105c71e5fe60c5087377f78cf6f8281d7f8978ed47322e4e8e6b21c137e5089389d141b0dd6f0e0b12dc53d440604abfa93a7463095
  languageName: node
  linkType: hard

"@noble/hashes@npm:1.1.2":
  version: 1.1.2
  resolution: "@noble/hashes@npm:1.1.2"
  checksum: 3c2a8cb7c2e053811032f242155d870c5eb98844d924d69702244d48804cb03b42d4a666c49c2b71164420d8229cb9a6f242b972d50d5bb2f1d673b98b041de2
  languageName: node
  linkType: hard

"@noble/secp256k1@npm:1.7.1":
  version: 1.7.1
  resolution: "@noble/secp256k1@npm:1.7.1"
  checksum: d2301f1f7690368d8409a3152450458f27e54df47e3f917292de3de82c298770890c2de7c967d237eff9c95b70af485389a9695f73eb05a43e2bd562d18b18cb
  languageName: node
  linkType: hard

"@tootallnate/once@npm:2":
  version: 2.0.0
  resolution: "@tootallnate/once@npm:2.0.0"
  checksum: ad87447820dd3f24825d2d947ebc03072b20a42bfc96cbafec16bff8bbda6c1a81fcb0be56d5b21968560c5359a0af4038a68ba150c3e1694fe4c109a063bed8
  languageName: node
  linkType: hard

"@typechain/ethers-v6@npm:^0.3.0":
  version: 0.3.0
  resolution: "@typechain/ethers-v6@npm:0.3.0"
  dependencies:
    lodash: ^4.17.15
    ts-essentials: ^7.0.1
  peerDependencies:
    ethers: 6.x
    typechain: ^8.1.1
    typescript: ">=4.7.0"
  checksum: e389fccdd7274d762349f215f5341e395f08970aa67046ef7753e78512795f20f5d20188cdb7cafda921de0bf3d33ac472707ab8c8be8a62c09d5be487fc59ed
  languageName: node
  linkType: hard

"@types/prettier@npm:^2.1.1":
  version: 2.7.2
  resolution: "@types/prettier@npm:2.7.2"
  checksum: b47d76a5252265f8d25dd2fe2a5a61dc43ba0e6a96ffdd00c594cb4fd74c1982c2e346497e3472805d97915407a09423804cc2110a0b8e1b22cffcab246479b7
  languageName: node
  linkType: hard

"abort-controller@npm:^3.0.0":
  version: 3.0.0
  resolution: "abort-controller@npm:3.0.0"
  dependencies:
    event-target-shim: ^5.0.0
  checksum: 170bdba9b47b7e65906a28c8ce4f38a7a369d78e2271706f020849c1bfe0ee2067d4261df8bbb66eb84f79208fd5b710df759d64191db58cfba7ce8ef9c54b75
  languageName: node
  linkType: hard

"aes-js@npm:4.0.0-beta.3":
  version: 4.0.0-beta.3
  resolution: "aes-js@npm:4.0.0-beta.3"
  checksum: 2336feee1e4a7722f5b6ede192b0a22881fd6f9310b36ec10e62b6f015f9fddf812c1d8a61b9743ab710811fd0b0d7aad844178f11e7cb1439bbc14246c6c93e
  languageName: node
  linkType: hard

"agent-base@npm:6":
  version: 6.0.2
  resolution: "agent-base@npm:6.0.2"
  dependencies:
    debug: 4
  checksum: f52b6872cc96fd5f622071b71ef200e01c7c4c454ee68bc9accca90c98cfb39f2810e3e9aa330435835eedc8c23f4f8a15267f67c6e245d2b33757575bdac49d
  languageName: node
  linkType: hard

"ansi-styles@npm:^3.2.1":
  version: 3.2.1
  resolution: "ansi-styles@npm:3.2.1"
  dependencies:
    color-convert: ^1.9.0
  checksum: d85ade01c10e5dd77b6c89f34ed7531da5830d2cb5882c645f330079975b716438cd7ebb81d0d6e6b4f9c577f19ae41ab55f07f19786b02f9dfd9e0377395665
  languageName: node
  linkType: hard

"ansi-styles@npm:^4.1.0":
  version: 4.3.0
  resolution: "ansi-styles@npm:4.3.0"
  dependencies:
    color-convert: ^2.0.1
  checksum: 513b44c3b2105dd14cc42a19271e80f386466c4be574bccf60b627432f9198571ebf4ab1e4c3ba17347658f4ee1711c163d574248c0c1cdc2d5917a0ad582ec4
  languageName: node
  linkType: hard

"array-back@npm:^3.0.1, array-back@npm:^3.1.0":
  version: 3.1.0
  resolution: "array-back@npm:3.1.0"
  checksum: 7205004fcd0f9edd926db921af901b083094608d5b265738d0290092f9822f73accb468e677db74c7c94ef432d39e5ed75a7b1786701e182efb25bbba9734209
  languageName: node
  linkType: hard

"array-back@npm:^4.0.1, array-back@npm:^4.0.2":
  version: 4.0.2
  resolution: "array-back@npm:4.0.2"
  checksum: f30603270771eeb54e5aad5f54604c62b3577a18b6db212a7272b2b6c32049121b49431f656654790ed1469411e45f387e7627c0de8fd0515995cc40df9b9294
  languageName: node
  linkType: hard

"arrify@npm:^2.0.0, arrify@npm:^2.0.1":
  version: 2.0.1
  resolution: "arrify@npm:2.0.1"
  checksum: 067c4c1afd182806a82e4c1cb8acee16ab8b5284fbca1ce29408e6e91281c36bb5b612f6ddfbd40a0f7a7e0c75bf2696eb94c027f6e328d6e9c52465c98e4209
  languageName: node
  linkType: hard

"balanced-match@npm:^1.0.0":
  version: 1.0.2
  resolution: "balanced-match@npm:1.0.2"
  checksum: 9706c088a283058a8a99e0bf91b0a2f75497f185980d9ffa8b304de1d9e58ebda7c72c07ebf01dadedaac5b2907b2c6f566f660d62bd336c3468e960403b9d65
  languageName: node
  linkType: hard

"base64-js@npm:^1.3.0, base64-js@npm:^1.3.1":
  version: 1.5.1
  resolution: "base64-js@npm:1.5.1"
  checksum: 669632eb3745404c2f822a18fc3a0122d2f9a7a13f7fb8b5823ee19d1d2ff9ee5b52c53367176ea4ad093c332fd5ab4bd0ebae5a8e27917a4105a4cfc86b1005
  languageName: node
  linkType: hard

"big.js@npm:^6.0.0":
  version: 6.2.1
  resolution: "big.js@npm:6.2.1"
  checksum: 0b234a2fd56c52bed2798ed2020bcab6fef5e9523b99a05406ad071d1aed6ee97ada9fb8de9576092da74c68825c276e19015743b8d1baea269b60a5c666b0cd
  languageName: node
  linkType: hard

"bignumber.js@npm:^9.0.0":
  version: 9.1.1
  resolution: "bignumber.js@npm:9.1.1"
  checksum: ad243b7e2f9120b112d670bb3d674128f0bd2ca1745b0a6c9df0433bd2c0252c43e6315d944c2ac07b4c639e7496b425e46842773cf89c6a2dcd4f31e5c4b11e
  languageName: node
  linkType: hard

"brace-expansion@npm:^1.1.7":
  version: 1.1.11
  resolution: "brace-expansion@npm:1.1.11"
  dependencies:
    balanced-match: ^1.0.0
    concat-map: 0.0.1
  checksum: faf34a7bb0c3fcf4b59c7808bc5d2a96a40988addf2e7e09dfbb67a2251800e0d14cd2bfc1aa79174f2f5095c54ff27f46fb1289fe2d77dac755b5eb3434cc07
  languageName: node
  linkType: hard

"buffer-equal-constant-time@npm:1.0.1":
  version: 1.0.1
  resolution: "buffer-equal-constant-time@npm:1.0.1"
  checksum: 80bb945f5d782a56f374b292770901065bad21420e34936ecbe949e57724b4a13874f735850dd1cc61f078773c4fb5493a41391e7bda40d1fa388d6bd80daaab
  languageName: node
  linkType: hard

"buffer@npm:^6.0.3":
  version: 6.0.3
  resolution: "buffer@npm:6.0.3"
  dependencies:
    base64-js: ^1.3.1
    ieee754: ^1.2.1
  checksum: 5ad23293d9a731e4318e420025800b42bf0d264004c0286c8cc010af7a270c7a0f6522e84f54b9ad65cbd6db20b8badbfd8d2ebf4f80fa03dab093b89e68c3f9
  languageName: node
  linkType: hard

"chalk@npm:^2.4.2":
  version: 2.4.2
  resolution: "chalk@npm:2.4.2"
  dependencies:
    ansi-styles: ^3.2.1
    escape-string-regexp: ^1.0.5
    supports-color: ^5.3.0
  checksum: ec3661d38fe77f681200f878edbd9448821924e0f93a9cefc0e26a33b145f1027a2084bf19967160d11e1f03bfe4eaffcabf5493b89098b2782c3fe0b03d80c2
  languageName: node
  linkType: hard

"chalk@npm:^4.1.0":
  version: 4.1.2
  resolution: "chalk@npm:4.1.2"
  dependencies:
    ansi-styles: ^4.1.0
    supports-color: ^7.1.0
  checksum: fe75c9d5c76a7a98d45495b91b2172fa3b7a09e0cc9370e5c8feb1c567b85c4288e2b3fded7cfdd7359ac28d6b3844feb8b82b8686842e93d23c827c417e83fc
  languageName: node
  linkType: hard

"color-convert@npm:^1.9.0":
  version: 1.9.3
  resolution: "color-convert@npm:1.9.3"
  dependencies:
    color-name: 1.1.3
  checksum: fd7a64a17cde98fb923b1dd05c5f2e6f7aefda1b60d67e8d449f9328b4e53b228a428fd38bfeaeb2db2ff6b6503a776a996150b80cdf224062af08a5c8a3a203
  languageName: node
  linkType: hard

"color-convert@npm:^2.0.1":
  version: 2.0.1
  resolution: "color-convert@npm:2.0.1"
  dependencies:
    color-name: ~1.1.4
  checksum: 79e6bdb9fd479a205c71d89574fccfb22bd9053bd98c6c4d870d65c132e5e904e6034978e55b43d69fcaa7433af2016ee203ce76eeba9cfa554b373e7f7db336
  languageName: node
  linkType: hard

"color-name@npm:1.1.3":
  version: 1.1.3
  resolution: "color-name@npm:1.1.3"
  checksum: 09c5d3e33d2105850153b14466501f2bfb30324a2f76568a408763a3b7433b0e50e5b4ab1947868e65cb101bb7cb75029553f2c333b6d4b8138a73fcc133d69d
  languageName: node
  linkType: hard

"color-name@npm:~1.1.4":
  version: 1.1.4
  resolution: "color-name@npm:1.1.4"
  checksum: b0445859521eb4021cd0fb0cc1a75cecf67fceecae89b63f62b201cca8d345baf8b952c966862a9d9a2632987d4f6581f0ec8d957dfacece86f0a7919316f610
  languageName: node
  linkType: hard

"command-line-args@npm:^5.1.1":
  version: 5.2.1
  resolution: "command-line-args@npm:5.2.1"
  dependencies:
    array-back: ^3.1.0
    find-replace: ^3.0.0
    lodash.camelcase: ^4.3.0
    typical: ^4.0.0
  checksum: e759519087be3cf2e86af8b9a97d3058b4910cd11ee852495be881a067b72891f6a32718fb685ee6d41531ab76b2b7bfb6602f79f882cd4b7587ff1e827982c7
  languageName: node
  linkType: hard

"command-line-usage@npm:^6.1.0":
  version: 6.1.3
  resolution: "command-line-usage@npm:6.1.3"
  dependencies:
    array-back: ^4.0.2
    chalk: ^2.4.2
    table-layout: ^1.0.2
    typical: ^5.2.0
  checksum: 8261d4e5536eb0bcddee0ec5e89c05bb2abd18e5760785c8078ede5020bc1c612cbe28eb6586f5ed4a3660689748e5aaad4a72f21566f4ef39393694e2fa1a0b
  languageName: node
  linkType: hard

"concat-map@npm:0.0.1":
  version: 0.0.1
  resolution: "concat-map@npm:0.0.1"
  checksum: 902a9f5d8967a3e2faf138d5cb784b9979bad2e6db5357c5b21c568df4ebe62bcb15108af1b2253744844eb964fc023fbd9afbbbb6ddd0bcc204c6fb5b7bf3af
  languageName: node
  linkType: hard

"debug@npm:4, debug@npm:^4.1.1, debug@npm:^4.3.1":
  version: 4.3.4
  resolution: "debug@npm:4.3.4"
  dependencies:
    ms: 2.1.2
  peerDependenciesMeta:
    supports-color:
      optional: true
  checksum: 3dbad3f94ea64f34431a9cbf0bafb61853eda57bff2880036153438f50fb5a84f27683ba0d8e5426bf41a8c6ff03879488120cf5b3a761e77953169c0600a708
  languageName: node
  linkType: hard

"deep-extend@npm:~0.6.0":
  version: 0.6.0
  resolution: "deep-extend@npm:0.6.0"
  checksum: 7be7e5a8d468d6b10e6a67c3de828f55001b6eb515d014f7aeb9066ce36bd5717161eb47d6a0f7bed8a9083935b465bc163ee2581c8b128d29bf61092fdf57a7
  languageName: node
  linkType: hard

"duplexify@npm:^4.0.0, duplexify@npm:^4.1.1":
  version: 4.1.2
  resolution: "duplexify@npm:4.1.2"
  dependencies:
    end-of-stream: ^1.4.1
    inherits: ^2.0.3
    readable-stream: ^3.1.1
    stream-shift: ^1.0.0
  checksum: 964376c61c0e92f6ed0694b3ba97c84f199413dc40ab8dfdaef80b7a7f4982fcabf796214e28ed614a5bc1ec45488a29b81e7d46fa3f5ddf65bcb118c20145ad
  languageName: node
  linkType: hard

"ecdsa-sig-formatter@npm:1.0.11, ecdsa-sig-formatter@npm:^1.0.11":
  version: 1.0.11
  resolution: "ecdsa-sig-formatter@npm:1.0.11"
  dependencies:
    safe-buffer: ^5.0.1
  checksum: 207f9ab1c2669b8e65540bce29506134613dd5f122cccf1e6a560f4d63f2732d427d938f8481df175505aad94583bcb32c688737bb39a6df0625f903d6d93c03
  languageName: node
  linkType: hard

"end-of-stream@npm:^1.4.1":
  version: 1.4.4
  resolution: "end-of-stream@npm:1.4.4"
  dependencies:
    once: ^1.4.0
  checksum: 530a5a5a1e517e962854a31693dbb5c0b2fc40b46dad2a56a2deec656ca040631124f4795823acc68238147805f8b021abbe221f4afed5ef3c8e8efc2024908b
  languageName: node
  linkType: hard

"ent@npm:^2.2.0":
  version: 2.2.0
  resolution: "ent@npm:2.2.0"
  checksum: f588b5707d6fef36011ea10d530645912a69530a1eb0831f8708c498ac028363a7009f45cfadd28ceb4dafd9ac17ec15213f88d09ce239cd033cfe1328dd7d7d
  languageName: node
  linkType: hard

"eoa-query@workspace:.":
  version: 0.0.0-use.local
  resolution: "eoa-query@workspace:."
  dependencies:
    "@google-cloud/bigquery": ^6.2.0
    "@typechain/ethers-v6": ^0.3.0
    ethers: ^6.3.0
    typechain: ^8.1.1
  languageName: unknown
  linkType: soft

"escape-string-regexp@npm:^1.0.5":
  version: 1.0.5
  resolution: "escape-string-regexp@npm:1.0.5"
  checksum: 6092fda75c63b110c706b6a9bfde8a612ad595b628f0bd2147eea1d3406723020810e591effc7db1da91d80a71a737a313567c5abb3813e8d9c71f4aa595b410
  languageName: node
  linkType: hard

"ethers@npm:^6.3.0":
  version: 6.3.0
  resolution: "ethers@npm:6.3.0"
  dependencies:
    "@adraffy/ens-normalize": 1.9.0
    "@noble/hashes": 1.1.2
    "@noble/secp256k1": 1.7.1
    aes-js: 4.0.0-beta.3
    tslib: 2.4.0
    ws: 8.5.0
  checksum: 4248d8c5d02382b6e2ced896c9b3f62b8d33b5121127ac5597eeec6e49acb15753f5d4a7e0d403b3131bf092417f9686384af28f9285544c184ccce502bca96d
  languageName: node
  linkType: hard

"event-target-shim@npm:^5.0.0":
  version: 5.0.1
  resolution: "event-target-shim@npm:5.0.1"
  checksum: 1ffe3bb22a6d51bdeb6bf6f7cf97d2ff4a74b017ad12284cc9e6a279e727dc30a5de6bb613e5596ff4dc3e517841339ad09a7eec44266eccb1aa201a30448166
  languageName: node
  linkType: hard

"events@npm:^3.3.0":
  version: 3.3.0
  resolution: "events@npm:3.3.0"
  checksum: f6f487ad2198aa41d878fa31452f1a3c00958f46e9019286ff4787c84aac329332ab45c9cdc8c445928fc6d7ded294b9e005a7fce9426488518017831b272780
  languageName: node
  linkType: hard

"extend@npm:^3.0.2":
  version: 3.0.2
  resolution: "extend@npm:3.0.2"
  checksum: a50a8309ca65ea5d426382ff09f33586527882cf532931cb08ca786ea3146c0553310bda688710ff61d7668eba9f96b923fe1420cdf56a2c3eaf30fcab87b515
  languageName: node
  linkType: hard

"fast-text-encoding@npm:^1.0.0":
  version: 1.0.6
  resolution: "fast-text-encoding@npm:1.0.6"
  checksum: 9d58f694314b3283e785bf61954902536da228607ad246905e30256f9ab8331f780ac987e7222c9f5eafd04168d07e12b8054c85cedb76a2c05af0e82387a903
  languageName: node
  linkType: hard

"find-replace@npm:^3.0.0":
  version: 3.0.0
  resolution: "find-replace@npm:3.0.0"
  dependencies:
    array-back: ^3.0.1
  checksum: 6b04bcfd79027f5b84aa1dfe100e3295da989bdac4b4de6b277f4d063e78f5c9e92ebc8a1fec6dd3b448c924ba404ee051cc759e14a3ee3e825fa1361025df08
  languageName: node
  linkType: hard

"fs-extra@npm:^7.0.0":
  version: 7.0.1
  resolution: "fs-extra@npm:7.0.1"
  dependencies:
    graceful-fs: ^4.1.2
    jsonfile: ^4.0.0
    universalify: ^0.1.0
  checksum: 141b9dccb23b66a66cefdd81f4cda959ff89282b1d721b98cea19ba08db3dcbe6f862f28841f3cf24bb299e0b7e6c42303908f65093cb7e201708e86ea5a8dcf
  languageName: node
  linkType: hard

"fs.realpath@npm:^1.0.0":
  version: 1.0.0
  resolution: "fs.realpath@npm:1.0.0"
  checksum: 99ddea01a7e75aa276c250a04eedeffe5662bce66c65c07164ad6264f9de18fb21be9433ead460e54cff20e31721c811f4fb5d70591799df5f85dce6d6746fd0
  languageName: node
  linkType: hard

"gaxios@npm:^5.0.0, gaxios@npm:^5.0.1":
  version: 5.1.0
  resolution: "gaxios@npm:5.1.0"
  dependencies:
    extend: ^3.0.2
    https-proxy-agent: ^5.0.0
    is-stream: ^2.0.0
    node-fetch: ^2.6.7
  checksum: c3bf9eff0055f9af734380a765afb237ca199b6dedccd888417075c923c94311dcf5217fcb2b908c1121412668959d99c5ef5328827155e51deae6ce579c4473
  languageName: node
  linkType: hard

"gcp-metadata@npm:^5.0.0":
  version: 5.2.0
  resolution: "gcp-metadata@npm:5.2.0"
  dependencies:
    gaxios: ^5.0.0
    json-bigint: ^1.0.0
  checksum: 4e7ed589c814bb79cbf052b0eda1d5e219fbee030f4772eca27ec1e6e1faa85ba0ef3b17ea5c3fd51a54fc5429c924b4edbb260ac147701f211fb9807b893544
  languageName: node
  linkType: hard

"glob@npm:7.1.7":
  version: 7.1.7
  resolution: "glob@npm:7.1.7"
  dependencies:
    fs.realpath: ^1.0.0
    inflight: ^1.0.4
    inherits: 2
    minimatch: ^3.0.4
    once: ^1.3.0
    path-is-absolute: ^1.0.0
  checksum: b61f48973bbdcf5159997b0874a2165db572b368b931135832599875919c237fc05c12984e38fe828e69aa8a921eb0e8a4997266211c517c9cfaae8a93988bb8
  languageName: node
  linkType: hard

"google-auth-library@npm:^8.0.2":
  version: 8.7.0
  resolution: "google-auth-library@npm:8.7.0"
  dependencies:
    arrify: ^2.0.0
    base64-js: ^1.3.0
    ecdsa-sig-formatter: ^1.0.11
    fast-text-encoding: ^1.0.0
    gaxios: ^5.0.0
    gcp-metadata: ^5.0.0
    gtoken: ^6.1.0
    jws: ^4.0.0
    lru-cache: ^6.0.0
  checksum: 978d1c5f763aceddbc0218cd76fa578c8ba54a0653cefffaf61847bb8d246ebf26e7fcd276d8885b8a3354c17eef0a11cfae9e60e4df62c01cae4378d4eb78e4
  languageName: node
  linkType: hard

"google-p12-pem@npm:^4.0.0":
  version: 4.0.1
  resolution: "google-p12-pem@npm:4.0.1"
  dependencies:
    node-forge: ^1.3.1
  bin:
    gp12-pem: build/src/bin/gp12-pem.js
  checksum: 59a5026331ea67455672e83770da29f09d979f02e06cb2227ea5916f8cca437887c2d3869f2602a686dc84437886ae9d2ac010780803cbe8e5f161c2d02d8efd
  languageName: node
  linkType: hard

"graceful-fs@npm:^4.1.2, graceful-fs@npm:^4.1.6":
  version: 4.2.11
  resolution: "graceful-fs@npm:4.2.11"
  checksum: ac85f94da92d8eb6b7f5a8b20ce65e43d66761c55ce85ac96df6865308390da45a8d3f0296dd3a663de65d30ba497bd46c696cc1e248c72b13d6d567138a4fc7
  languageName: node
  linkType: hard

"gtoken@npm:^6.1.0":
  version: 6.1.2
  resolution: "gtoken@npm:6.1.2"
  dependencies:
    gaxios: ^5.0.1
    google-p12-pem: ^4.0.0
    jws: ^4.0.0
  checksum: cf3210afe2ccee8feaa06f0c7eb942e217244a8563a1d0a71aa3095eea545015896741c1d48654d8de35b7b07579f93e25e5dfe817f06b7e753646b67f7a4ecf
  languageName: node
  linkType: hard

"has-flag@npm:^3.0.0":
  version: 3.0.0
  resolution: "has-flag@npm:3.0.0"
  checksum: 4a15638b454bf086c8148979aae044dd6e39d63904cd452d970374fa6a87623423da485dfb814e7be882e05c096a7ccf1ebd48e7e7501d0208d8384ff4dea73b
  languageName: node
  linkType: hard

"has-flag@npm:^4.0.0":
  version: 4.0.0
  resolution: "has-flag@npm:4.0.0"
  checksum: 261a1357037ead75e338156b1f9452c016a37dcd3283a972a30d9e4a87441ba372c8b81f818cd0fbcd9c0354b4ae7e18b9e1afa1971164aef6d18c2b6095a8ad
  languageName: node
  linkType: hard

"http-proxy-agent@npm:^5.0.0":
  version: 5.0.0
  resolution: "http-proxy-agent@npm:5.0.0"
  dependencies:
    "@tootallnate/once": 2
    agent-base: 6
    debug: 4
  checksum: e2ee1ff1656a131953839b2a19cd1f3a52d97c25ba87bd2559af6ae87114abf60971e498021f9b73f9fd78aea8876d1fb0d4656aac8a03c6caa9fc175f22b786
  languageName: node
  linkType: hard

"https-proxy-agent@npm:^5.0.0":
  version: 5.0.1
  resolution: "https-proxy-agent@npm:5.0.1"
  dependencies:
    agent-base: 6
    debug: 4
  checksum: 571fccdf38184f05943e12d37d6ce38197becdd69e58d03f43637f7fa1269cf303a7d228aa27e5b27bbd3af8f09fd938e1c91dcfefff2df7ba77c20ed8dfc765
  languageName: node
  linkType: hard

"ieee754@npm:^1.2.1":
  version: 1.2.1
  resolution: "ieee754@npm:1.2.1"
  checksum: 5144c0c9815e54ada181d80a0b810221a253562422e7c6c3a60b1901154184f49326ec239d618c416c1c5945a2e197107aee8d986a3dd836b53dffefd99b5e7e
  languageName: node
  linkType: hard

"inflight@npm:^1.0.4":
  version: 1.0.6
  resolution: "inflight@npm:1.0.6"
  dependencies:
    once: ^1.3.0
    wrappy: 1
  checksum: f4f76aa072ce19fae87ce1ef7d221e709afb59d445e05d47fba710e85470923a75de35bfae47da6de1b18afc3ce83d70facf44cfb0aff89f0a3f45c0a0244dfd
  languageName: node
  linkType: hard

"inherits@npm:2, inherits@npm:^2.0.3":
  version: 2.0.4
  resolution: "inherits@npm:2.0.4"
  checksum: 4a48a733847879d6cf6691860a6b1e3f0f4754176e4d71494c41f3475553768b10f84b5ce1d40fbd0e34e6bfbb864ee35858ad4dd2cf31e02fc4a154b724d7f1
  languageName: node
  linkType: hard

"is-stream@npm:^2.0.0":
  version: 2.0.1
  resolution: "is-stream@npm:2.0.1"
  checksum: b8e05ccdf96ac330ea83c12450304d4a591f9958c11fd17bed240af8d5ffe08aedafa4c0f4cfccd4d28dc9d4d129daca1023633d5c11601a6cbc77521f6fae66
  languageName: node
  linkType: hard

"is@npm:^3.3.0":
  version: 3.3.0
  resolution: "is@npm:3.3.0"
  checksum: 81fad3b40c606984c2d0699207c4c48d2a0d29cc834b274d0b74c172f3eeebdb981301fe0d690ce090a96bf021a8a1f8b1325262ad9870c525e557ac4a559c56
  languageName: node
  linkType: hard

"js-sha3@npm:^0.8.0":
  version: 0.8.0
  resolution: "js-sha3@npm:0.8.0"
  checksum: 75df77c1fc266973f06cce8309ce010e9e9f07ec35ab12022ed29b7f0d9c8757f5a73e1b35aa24840dced0dea7059085aa143d817aea9e188e2a80d569d9adce
  languageName: node
  linkType: hard

"json-bigint@npm:^1.0.0":
  version: 1.0.0
  resolution: "json-bigint@npm:1.0.0"
  dependencies:
    bignumber.js: ^9.0.0
  checksum: c67bb93ccb3c291e60eb4b62931403e378906aab113ec1c2a8dd0f9a7f065ad6fd9713d627b732abefae2e244ac9ce1721c7a3142b2979532f12b258634ce6f6
  languageName: node
  linkType: hard

"jsonfile@npm:^4.0.0":
  version: 4.0.0
  resolution: "jsonfile@npm:4.0.0"
  dependencies:
    graceful-fs: ^4.1.6
  dependenciesMeta:
    graceful-fs:
      optional: true
  checksum: 6447d6224f0d31623eef9b51185af03ac328a7553efcee30fa423d98a9e276ca08db87d71e17f2310b0263fd3ffa6c2a90a6308367f661dc21580f9469897c9e
  languageName: node
  linkType: hard

"jwa@npm:^2.0.0":
  version: 2.0.0
  resolution: "jwa@npm:2.0.0"
  dependencies:
    buffer-equal-constant-time: 1.0.1
    ecdsa-sig-formatter: 1.0.11
    safe-buffer: ^5.0.1
  checksum: 8f00b71ad5fe94cb55006d0d19202f8f56889109caada2f7eeb63ca81755769ce87f4f48101967f398462e3b8ae4faebfbd5a0269cb755dead5d63c77ba4d2f1
  languageName: node
  linkType: hard

"jws@npm:^4.0.0":
  version: 4.0.0
  resolution: "jws@npm:4.0.0"
  dependencies:
    jwa: ^2.0.0
    safe-buffer: ^5.0.1
  checksum: d68d07aa6d1b8cb35c363a9bd2b48f15064d342a5d9dc18a250dbbce8dc06bd7e4792516c50baa16b8d14f61167c19e851fd7f66b59ecc68b7f6a013759765f7
  languageName: node
  linkType: hard

"lodash.camelcase@npm:^4.3.0":
  version: 4.3.0
  resolution: "lodash.camelcase@npm:4.3.0"
  checksum: cb9227612f71b83e42de93eccf1232feeb25e705bdb19ba26c04f91e885bfd3dd5c517c4a97137658190581d3493ea3973072ca010aab7e301046d90740393d1
  languageName: node
  linkType: hard

"lodash@npm:^4.17.15, lodash@npm:^4.17.16":
  version: 4.17.21
  resolution: "lodash@npm:4.17.21"
  checksum: eb835a2e51d381e561e508ce932ea50a8e5a68f4ebdd771ea240d3048244a8d13658acbd502cd4829768c56f2e16bdd4340b9ea141297d472517b83868e677f7
  languageName: node
  linkType: hard

"lru-cache@npm:^6.0.0":
  version: 6.0.0
  resolution: "lru-cache@npm:6.0.0"
  dependencies:
    yallist: ^4.0.0
  checksum: f97f499f898f23e4585742138a22f22526254fdba6d75d41a1c2526b3b6cc5747ef59c5612ba7375f42aca4f8461950e925ba08c991ead0651b4918b7c978297
  languageName: node
  linkType: hard

"minimatch@npm:^3.0.4":
  version: 3.1.2
  resolution: "minimatch@npm:3.1.2"
  dependencies:
    brace-expansion: ^1.1.7
  checksum: c154e566406683e7bcb746e000b84d74465b3a832c45d59912b9b55cd50dee66e5c4b1e5566dba26154040e51672f9aa450a9aef0c97cfc7336b78b7afb9540a
  languageName: node
  linkType: hard

"mkdirp@npm:^1.0.4":
  version: 1.0.4
  resolution: "mkdirp@npm:1.0.4"
  bin:
    mkdirp: bin/cmd.js
  checksum: a96865108c6c3b1b8e1d5e9f11843de1e077e57737602de1b82030815f311be11f96f09cce59bd5b903d0b29834733e5313f9301e3ed6d6f6fba2eae0df4298f
  languageName: node
  linkType: hard

"ms@npm:2.1.2":
  version: 2.1.2
  resolution: "ms@npm:2.1.2"
  checksum: 673cdb2c3133eb050c745908d8ce632ed2c02d85640e2edb3ace856a2266a813b30c613569bf3354fdf4ea7d1a1494add3bfa95e2713baa27d0c2c71fc44f58f
  languageName: node
  linkType: hard

"node-fetch@npm:^2.6.1, node-fetch@npm:^2.6.7":
  version: 2.6.9
  resolution: "node-fetch@npm:2.6.9"
  dependencies:
    whatwg-url: ^5.0.0
  peerDependencies:
    encoding: ^0.1.0
  peerDependenciesMeta:
    encoding:
      optional: true
  checksum: acb04f9ce7224965b2b59e71b33c639794d8991efd73855b0b250921382b38331ffc9d61bce502571f6cc6e11a8905ca9b1b6d4aeb586ab093e2756a1fd190d0
  languageName: node
  linkType: hard

"node-forge@npm:^1.3.1":
  version: 1.3.1
  resolution: "node-forge@npm:1.3.1"
  checksum: 08fb072d3d670599c89a1704b3e9c649ff1b998256737f0e06fbd1a5bf41cae4457ccaee32d95052d80bbafd9ffe01284e078c8071f0267dc9744e51c5ed42a9
  languageName: node
  linkType: hard

"once@npm:^1.3.0, once@npm:^1.4.0":
  version: 1.4.0
  resolution: "once@npm:1.4.0"
  dependencies:
    wrappy: 1
  checksum: cd0a88501333edd640d95f0d2700fbde6bff20b3d4d9bdc521bdd31af0656b5706570d6c6afe532045a20bb8dc0849f8332d6f2a416e0ba6d3d3b98806c7db68
  languageName: node
  linkType: hard

"p-event@npm:^4.1.0":
  version: 4.2.0
  resolution: "p-event@npm:4.2.0"
  dependencies:
    p-timeout: ^3.1.0
  checksum: 8a3588f7a816a20726a3262dfeee70a631e3997e4773d23219176333eda55cce9a76219e3d2b441b331eb746e14fdb381eb2694ab9ff2fcf87c846462696fe89
  languageName: node
  linkType: hard

"p-finally@npm:^1.0.0":
  version: 1.0.0
  resolution: "p-finally@npm:1.0.0"
  checksum: 93a654c53dc805dd5b5891bab16eb0ea46db8f66c4bfd99336ae929323b1af2b70a8b0654f8f1eae924b2b73d037031366d645f1fd18b3d30cbd15950cc4b1d4
  languageName: node
  linkType: hard

"p-timeout@npm:^3.1.0":
  version: 3.2.0
  resolution: "p-timeout@npm:3.2.0"
  dependencies:
    p-finally: ^1.0.0
  checksum: 3dd0eaa048780a6f23e5855df3dd45c7beacff1f820476c1d0d1bcd6648e3298752ba2c877aa1c92f6453c7dd23faaf13d9f5149fc14c0598a142e2c5e8d649c
  languageName: node
  linkType: hard

"path-is-absolute@npm:^1.0.0":
  version: 1.0.1
  resolution: "path-is-absolute@npm:1.0.1"
  checksum: 060840f92cf8effa293bcc1bea81281bd7d363731d214cbe5c227df207c34cd727430f70c6037b5159c8a870b9157cba65e775446b0ab06fd5ecc7e54615a3b8
  languageName: node
  linkType: hard

"prettier@npm:^2.3.1":
  version: 2.8.7
  resolution: "prettier@npm:2.8.7"
  bin:
    prettier: bin-prettier.js
  checksum: fdc8f2616f099f5f0d685907f4449a70595a0fc1d081a88919604375989e0d5e9168d6121d8cc6861f21990b31665828e00472544d785d5940ea08a17660c3a6
  languageName: node
  linkType: hard

"process@npm:^0.11.10":
  version: 0.11.10
  resolution: "process@npm:0.11.10"
  checksum: bfcce49814f7d172a6e6a14d5fa3ac92cc3d0c3b9feb1279774708a719e19acd673995226351a082a9ae99978254e320ccda4240ddc474ba31a76c79491ca7c3
  languageName: node
  linkType: hard

"readable-stream@npm:^3.1.1":
  version: 3.6.2
  resolution: "readable-stream@npm:3.6.2"
  dependencies:
    inherits: ^2.0.3
    string_decoder: ^1.1.1
    util-deprecate: ^1.0.1
  checksum: bdcbe6c22e846b6af075e32cf8f4751c2576238c5043169a1c221c92ee2878458a816a4ea33f4c67623c0b6827c8a400409bfb3cf0bf3381392d0b1dfb52ac8d
  languageName: node
  linkType: hard

"readable-stream@npm:^4.0.0":
  version: 4.3.0
  resolution: "readable-stream@npm:4.3.0"
  dependencies:
    abort-controller: ^3.0.0
    buffer: ^6.0.3
    events: ^3.3.0
    process: ^0.11.10
  checksum: 5f8d5fc1eb0c6eb47771ad4537881126d6280666e1f10ba1e2262a670a0352c36f59e6a04d17c9a6f7c888218984836dc67f55e95a77de8bfdf06fb75f00f670
  languageName: node
  linkType: hard

"reduce-flatten@npm:^2.0.0":
  version: 2.0.0
  resolution: "reduce-flatten@npm:2.0.0"
  checksum: 64393ef99a16b20692acfd60982d7fdbd7ff8d9f8f185c6023466444c6dd2abb929d67717a83cec7f7f8fb5f46a25d515b3b2bf2238fdbfcdbfd01d2a9e73cb8
  languageName: node
  linkType: hard

"retry-request@npm:^5.0.0":
  version: 5.0.2
  resolution: "retry-request@npm:5.0.2"
  dependencies:
    debug: ^4.1.1
    extend: ^3.0.2
  checksum: d6c95d27f4468aa5557605d811cfaa5862be0eaff9fc5f18a338a7c17a7972fbec5b6142abb6b1e494b4c02df875fec2f1c3a281bf79900d33607d8536277ffe
  languageName: node
  linkType: hard

"safe-buffer@npm:^5.0.1, safe-buffer@npm:~5.2.0":
  version: 5.2.1
  resolution: "safe-buffer@npm:5.2.1"
  checksum: b99c4b41fdd67a6aaf280fcd05e9ffb0813654894223afb78a31f14a19ad220bba8aba1cb14eddce1fcfb037155fe6de4e861784eb434f7d11ed58d1e70dd491
  languageName: node
  linkType: hard

"stream-events@npm:^1.0.5":
  version: 1.0.5
  resolution: "stream-events@npm:1.0.5"
  dependencies:
    stubs: ^3.0.0
  checksum: 969ce82e34bfbef5734629cc06f9d7f3705a9ceb8fcd6a526332f9159f1f8bbfdb1a453f3ced0b728083454f7706adbbe8428bceb788a0287ca48ba2642dc3fc
  languageName: node
  linkType: hard

"stream-shift@npm:^1.0.0":
  version: 1.0.1
  resolution: "stream-shift@npm:1.0.1"
  checksum: 59b82b44b29ec3699b5519a49b3cedcc6db58c72fb40c04e005525dfdcab1c75c4e0c180b923c380f204bed78211b9bad8faecc7b93dece4d004c3f6ec75737b
  languageName: node
  linkType: hard

"string-format@npm:^2.0.0":
  version: 2.0.0
  resolution: "string-format@npm:2.0.0"
  checksum: dada2ef95f6d36c66562c673d95315f80457fa7dce2f3609a2e75d1190b98c88319028cf0a5b6c043d01c18d581b2641579f79480584ba030d6ac6fceb30bc55
  languageName: node
  linkType: hard

"string_decoder@npm:^1.1.1":
  version: 1.3.0
  resolution: "string_decoder@npm:1.3.0"
  dependencies:
    safe-buffer: ~5.2.0
  checksum: 8417646695a66e73aefc4420eb3b84cc9ffd89572861fe004e6aeb13c7bc00e2f616247505d2dbbef24247c372f70268f594af7126f43548565c68c117bdeb56
  languageName: node
  linkType: hard

"stubs@npm:^3.0.0":
  version: 3.0.0
  resolution: "stubs@npm:3.0.0"
  checksum: dec7b82186e3743317616235c59bfb53284acc312cb9f4c3e97e2205c67a5c158b0ca89db5927e52351582e90a2672822eeaec9db396e23e56893d2a8676e024
  languageName: node
  linkType: hard

"supports-color@npm:^5.3.0":
  version: 5.5.0
  resolution: "supports-color@npm:5.5.0"
  dependencies:
    has-flag: ^3.0.0
  checksum: 95f6f4ba5afdf92f495b5a912d4abee8dcba766ae719b975c56c084f5004845f6f5a5f7769f52d53f40e21952a6d87411bafe34af4a01e65f9926002e38e1dac
  languageName: node
  linkType: hard

"supports-color@npm:^7.1.0":
  version: 7.2.0
  resolution: "supports-color@npm:7.2.0"
  dependencies:
    has-flag: ^4.0.0
  checksum: 3dda818de06ebbe5b9653e07842d9479f3555ebc77e9a0280caf5a14fb877ffee9ed57007c3b78f5a6324b8dbeec648d9e97a24e2ed9fdb81ddc69ea07100f4a
  languageName: node
  linkType: hard

"table-layout@npm:^1.0.2":
  version: 1.0.2
  resolution: "table-layout@npm:1.0.2"
  dependencies:
    array-back: ^4.0.1
    deep-extend: ~0.6.0
    typical: ^5.2.0
    wordwrapjs: ^4.0.0
  checksum: 8f41b5671f101a5195747ec1727b1d35ea2cd5bf85addda11cc2f4b36892db9696ce3c2c7334b5b8a122505b34d19135fede50e25678df71b0439e0704fd953f
  languageName: node
  linkType: hard

"teeny-request@npm:^8.0.0":
  version: 8.0.3
  resolution: "teeny-request@npm:8.0.3"
  dependencies:
    http-proxy-agent: ^5.0.0
    https-proxy-agent: ^5.0.0
    node-fetch: ^2.6.1
    stream-events: ^1.0.5
    uuid: ^9.0.0
  checksum: 6682a14df3708068db147c91af5f2b2e097e2e53c03dddaef40f6f974297f2da9e6112c615af9fbc84a1685c6846b8a9e485771d1a350aa25e9ff5fcf63dd821
  languageName: node
  linkType: hard

"tr46@npm:~0.0.3":
  version: 0.0.3
  resolution: "tr46@npm:0.0.3"
  checksum: 726321c5eaf41b5002e17ffbd1fb7245999a073e8979085dacd47c4b4e8068ff5777142fc6726d6ca1fd2ff16921b48788b87225cbc57c72636f6efa8efbffe3
  languageName: node
  linkType: hard

"ts-command-line-args@npm:^2.2.0":
  version: 2.4.2
  resolution: "ts-command-line-args@npm:2.4.2"
  dependencies:
    "@morgan-stanley/ts-mocking-bird": ^0.6.2
    chalk: ^4.1.0
    command-line-args: ^5.1.1
    command-line-usage: ^6.1.0
    string-format: ^2.0.0
  bin:
    write-markdown: dist/write-markdown.js
  checksum: 87670c554eb23477c777be010ec9cd280187275717d4db002e0d7d1f2a660f9483315a36dc3ea4af714d41b1fc1a3bd242fd538dd76310d9f1a3741502e49fd4
  languageName: node
  linkType: hard

"ts-essentials@npm:^7.0.1":
  version: 7.0.3
  resolution: "ts-essentials@npm:7.0.3"
  peerDependencies:
    typescript: ">=3.7.0"
  checksum: 74d75868acf7f8b95e447d8b3b7442ca21738c6894e576df9917a352423fde5eb43c5651da5f78997da6061458160ae1f6b279150b42f47ccc58b73e55acaa2f
  languageName: node
  linkType: hard

"tslib@npm:2.4.0":
  version: 2.4.0
  resolution: "tslib@npm:2.4.0"
  checksum: 8c4aa6a3c5a754bf76aefc38026134180c053b7bd2f81338cb5e5ebf96fefa0f417bff221592bf801077f5bf990562f6264fecbc42cd3309b33872cb6fc3b113
  languageName: node
  linkType: hard

"typechain@npm:^8.1.1":
  version: 8.1.1
  resolution: "typechain@npm:8.1.1"
  dependencies:
    "@types/prettier": ^2.1.1
    debug: ^4.3.1
    fs-extra: ^7.0.0
    glob: 7.1.7
    js-sha3: ^0.8.0
    lodash: ^4.17.15
    mkdirp: ^1.0.4
    prettier: ^2.3.1
    ts-command-line-args: ^2.2.0
    ts-essentials: ^7.0.1
  peerDependencies:
    typescript: ">=4.3.0"
  bin:
    typechain: dist/cli/cli.js
  checksum: 77984239d9728befe5a484c4e1b55c8f194696fc8a78c44754f8e25ca8fd6d0208ddfcd9e71c90c1c35ac0689f5c3053107b54fdc2aab691c980614f6daf209b
  languageName: node
  linkType: hard

"typical@npm:^4.0.0":
  version: 4.0.0
  resolution: "typical@npm:4.0.0"
  checksum: a242081956825328f535e6195a924240b34daf6e7fdb573a1809a42b9f37fb8114fa99c7ab89a695e0cdb419d4149d067f6723e4b95855ffd39c6c4ca378efb3
  languageName: node
  linkType: hard

"typical@npm:^5.2.0":
  version: 5.2.0
  resolution: "typical@npm:5.2.0"
  checksum: ccaeb151a9a556291b495571ca44c4660f736fb49c29314bbf773c90fad92e9485d3cc2b074c933866c1595abbbc962f2b8bfc6e0f52a8c6b0cdd205442036ac
  languageName: node
  linkType: hard

"universalify@npm:^0.1.0":
  version: 0.1.2
  resolution: "universalify@npm:0.1.2"
  checksum: 40cdc60f6e61070fe658ca36016a8f4ec216b29bf04a55dce14e3710cc84c7448538ef4dad3728d0bfe29975ccd7bfb5f414c45e7b78883567fb31b246f02dff
  languageName: node
  linkType: hard

"util-deprecate@npm:^1.0.1":
  version: 1.0.2
  resolution: "util-deprecate@npm:1.0.2"
  checksum: 474acf1146cb2701fe3b074892217553dfcf9a031280919ba1b8d651a068c9b15d863b7303cb15bd00a862b498e6cf4ad7b4a08fb134edd5a6f7641681cb54a2
  languageName: node
  linkType: hard

"uuid@npm:^7.0.3":
  version: 7.0.3
  resolution: "uuid@npm:7.0.3"
  bin:
    uuid: dist/bin/uuid
  checksum: f5b7b5cc28accac68d5c083fd51cca64896639ebd4cca88c6cfb363801aaa83aa439c86dfc8446ea250a7a98d17afd2ad9e88d9d4958c79a412eccb93bae29de
  languageName: node
  linkType: hard

"uuid@npm:^9.0.0":
  version: 9.0.0
  resolution: "uuid@npm:9.0.0"
  bin:
    uuid: dist/bin/uuid
  checksum: 8dd2c83c43ddc7e1c71e36b60aea40030a6505139af6bee0f382ebcd1a56f6cd3028f7f06ffb07f8cf6ced320b76aea275284b224b002b289f89fe89c389b028
  languageName: node
  linkType: hard

"webidl-conversions@npm:^3.0.0":
  version: 3.0.1
  resolution: "webidl-conversions@npm:3.0.1"
  checksum: c92a0a6ab95314bde9c32e1d0a6dfac83b578f8fa5f21e675bc2706ed6981bc26b7eb7e6a1fab158e5ce4adf9caa4a0aee49a52505d4d13c7be545f15021b17c
  languageName: node
  linkType: hard

"whatwg-url@npm:^5.0.0":
  version: 5.0.0
  resolution: "whatwg-url@npm:5.0.0"
  dependencies:
    tr46: ~0.0.3
    webidl-conversions: ^3.0.0
  checksum: b8daed4ad3356cc4899048a15b2c143a9aed0dfae1f611ebd55073310c7b910f522ad75d727346ad64203d7e6c79ef25eafd465f4d12775ca44b90fa82ed9e2c
  languageName: node
  linkType: hard

"wordwrapjs@npm:^4.0.0":
  version: 4.0.1
  resolution: "wordwrapjs@npm:4.0.1"
  dependencies:
    reduce-flatten: ^2.0.0
    typical: ^5.2.0
  checksum: 3d927f3c95d0ad990968da54c0ad8cde2801d8e91006cd7474c26e6b742cc8557250ce495c9732b2f9db1f903601cb74ec282e0f122ee0d02d7abe81e150eea8
  languageName: node
  linkType: hard

"wrappy@npm:1":
  version: 1.0.2
  resolution: "wrappy@npm:1.0.2"
  checksum: 159da4805f7e84a3d003d8841557196034155008f817172d4e986bd591f74aa82aa7db55929a54222309e01079a65a92a9e6414da5a6aa4b01ee44a511ac3ee5
  languageName: node
  linkType: hard

"ws@npm:8.5.0":
  version: 8.5.0
  resolution: "ws@npm:8.5.0"
  peerDependencies:
    bufferutil: ^4.0.1
    utf-8-validate: ^5.0.2
  peerDependenciesMeta:
    bufferutil:
      optional: true
    utf-8-validate:
      optional: true
  checksum: 76f2f90e40344bf18fd544194e7067812fb1372b2a37865678d8f12afe4b478ff2ebc0c7c0aff82cd5e6b66fc43d889eec0f1865c2365d8f7a66d92da7744a77
  languageName: node
  linkType: hard

"yallist@npm:^4.0.0":
  version: 4.0.0
  resolution: "yallist@npm:4.0.0"
  checksum: 343617202af32df2a15a3be36a5a8c0c8545208f3d3dfbc6bb7c3e3b7e8c6f8e7485432e4f3b88da3031a6e20afa7c711eded32ddfb122896ac5d914e75848d5
  languageName: node
  linkType: hard
